
Microsoft Visual Studio Solution File, Format Version 12.00
# Visual Studio 15
VisualStudioVersion = 15.0.27130.2010
MinimumVisualStudioVersion = 10.0.40219.1
Project("{FAE04EC0-301F-11D3-BF4B-00C04F79EFBC}") = "stoqqi_GUI", "stoqqi_GUI\stoqqi_GUI.csproj", "{89D22B7D-5494-40DF-93A9-AAE6FE8B5096}"
EndProject
Project("{FAE04EC0-301F-11D3-BF4B-00C04F79EFBC}") = "Modelo", "Modelo\Modelo.csproj", "{3C9500C5-674B-4567-A8D4-C3964D409327}"
EndProject
Project("{FAE04EC0-301F-11D3-BF4B-00C04F79EFBC}") = "DAL", "DAL\DAL.csproj", "{105103A0-3A05-40EA-8E0C-D14A668C0208}"
EndProject
Project("{FAE04EC0-301F-11D3-BF4B-00C04F79EFBC}") = "BLL", "BLL\BLL.csproj", "{0ACAE36E-B1BA-4B4E-B3EA-2935899D81FA}"
EndProject
Project("{FAE04EC0-301F-11D3-BF4B-00C04F79EFBC}") = "Ferramentas", "Ferramentas\Ferramentas.csproj", "{1476ECE8-731E-4F2A-8239-0348BEA0B7E2}"
EndProject
Global
	GlobalSection(SolutionConfigurationPlatforms) = preSolution
		Debug|Any CPU = Debug|Any CPU
		Release|Any CPU = Release|Any CPU
	EndGlobalSection
	GlobalSection(ProjectConfigurationPlatforms) = postSolution
		{89D22B7D-5494-40DF-93A9-AAE6FE8B5096}.Debug|Any CPU.ActiveCfg = Debug|Any CPU
		{89D22B7D-5494-40DF-93A9-AAE6FE8B5096}.Debug|Any CPU.Build.0 = Debug|Any CPU
		{89D22B7D-5494-40DF-93A9-AAE6FE8B5096}.Release|Any CPU.ActiveCfg = Release|Any CPU
		{89D22B7D-5494-40DF-93A9-AAE6FE8B5096}.Release|Any CPU.Build.0 = Release|Any CPU
		{3C9500C5-674B-4567-A8D4-C3964D409327}.Debug|Any CPU.ActiveCfg = Debug|Any CPU
		{3C9500C5-674B-4567-A8D4-C3964D409327}.Debug|Any CPU.Build.0 = Debug|Any CPU
		{3C9500C5-674B-4567-A8D4-C3964D409327}.Release|Any CPU.ActiveCfg = Release|Any CPU
		{3C9500C5-674B-4567-A8D4-C3964D409327}.Release|Any CPU.Build.0 = Release|Any CPU
		{105103A0-3A05-40EA-8E0C-D14A668C0208}.Debug|Any CPU.ActiveCfg = Debug|Any CPU
		{105103A0-3A05-40EA-8E0C-D14A668C0208}.Debug|Any CPU.Build.0 = Debug|Any CPU
		{105103A0-3A05-40EA-8E0C-D14A668C0208}.Release|Any CPU.ActiveCfg = Release|Any CPU
		{105103A0-3A05-40EA-8E0C-D14A668C0208}.Release|Any CPU.Build.0 = Release|Any CPU
		{0ACAE36E-B1BA-4B4E-B3EA-2935899D81FA}.Debug|Any CPU.ActiveCfg = Debug|Any CPU
		{0ACAE36E-B1BA-4B4E-B3EA-2935899D81FA}.Debug|Any CPU.Build.0 = Debug|Any CPU
		{0ACAE36E-B1BA-4B4E-B3EA-2935899D81FA}.Release|Any CPU.ActiveCfg = Release|Any CPU
		{0ACAE36E-B1BA-4B4E-B3EA-2935899D81FA}.Release|Any CPU.Build.0 = Release|Any CPU
		{1476ECE8-731E-4F2A-8239-0348BEA0B7E2}.Debug|Any CPU.ActiveCfg = Debug|Any CPU
		{1476ECE8-731E-4F2A-8239-0348BEA0B7E2}.Debug|Any CPU.Build.0 = Debug|Any CPU
		{1476ECE8-731E-4F2A-8239-0348BEA0B7E2}.Release|Any CPU.ActiveCfg = Release|Any CPU
		{1476ECE8-731E-4F2A-8239-0348BEA0B7E2}.Release|Any CPU.Build.0 = Release|Any CPU
	EndGlobalSection
	GlobalSection(SolutionProperties) = preSolution
		HideSolutionNode = FALSE
	EndGlobalSection
	GlobalSection(ExtensibilityGlobals) = postSolution
		SolutionGuid = {1E5E1E1E-E3D3-48D9-87D0-AA56011A151D}
	EndGlobalSection
EndGlobal
